
Microsoft Visual Studio Solution File, Format Version 12.00
# Visual Studio Version 17
VisualStudioVersion = 17.13.35825.156 d17.13
MinimumVisualStudioVersion = 10.0.40219.1
Project("{FAE04EC0-301F-11D3-BF4B-00C04F79EFBC}") = "JurnalModul3KPL", "JurnalModul3KPL\JurnalModul3KPL.csproj", "{81D39358-C10D-40D6-BFC9-5703F67A4CDF}"
EndProject
Global
	GlobalSection(SolutionConfigurationPlatforms) = preSolution
		Debug|Any CPU = Debug|Any CPU
		Release|Any CPU = Release|Any CPU
	EndGlobalSection
	GlobalSection(ProjectConfigurationPlatforms) = postSolution
		{81D39358-C10D-40D6-BFC9-5703F67A4CDF}.Debug|Any CPU.ActiveCfg = Debug|Any CPU
		{81D39358-C10D-40D6-BFC9-5703F67A4CDF}.Debug|Any CPU.Build.0 = Debug|Any CPU
		{81D39358-C10D-40D6-BFC9-5703F67A4CDF}.Release|Any CPU.ActiveCfg = Release|Any CPU
		{81D39358-C10D-40D6-BFC9-5703F67A4CDF}.Release|Any CPU.Build.0 = Release|Any CPU
	EndGlobalSection
	GlobalSection(SolutionProperties) = preSolution
		HideSolutionNode = FALSE
	EndGlobalSection
	GlobalSection(ExtensibilityGlobals) = postSolution
		SolutionGuid = {57E45135-3323-4AC2-B146-1FD858F3DF5B}
	EndGlobalSection
EndGlobal
